
Microsoft Visual Studio Solution File, Format Version 12.00
Project("{FAE04EC0-301F-11D3-BF4B-00C04F79EFBC}") = "SalesDb", "SalesDb\SalesDb.csproj", "{D2E7C447-67A5-4B2F-8F85-E2FC36681636}"
EndProject
Global
	GlobalSection(SolutionConfigurationPlatforms) = preSolution
		Debug|Any CPU = Debug|Any CPU
		Release|Any CPU = Release|Any CPU
	EndGlobalSection
	GlobalSection(ProjectConfigurationPlatforms) = postSolution
		{D2E7C447-67A5-4B2F-8F85-E2FC36681636}.Debug|Any CPU.ActiveCfg = Debug|Any CPU
		{D2E7C447-67A5-4B2F-8F85-E2FC36681636}.Debug|Any CPU.Build.0 = Debug|Any CPU
		{D2E7C447-67A5-4B2F-8F85-E2FC36681636}.Release|Any CPU.ActiveCfg = Release|Any CPU
		{D2E7C447-67A5-4B2F-8F85-E2FC36681636}.Release|Any CPU.Build.0 = Release|Any CPU
	EndGlobalSection
EndGlobal
